
Microsoft Visual Studio Solution File, Format Version 12.00
# Visual Studio Version 17
VisualStudioVersion = 17.11.35222.181
MinimumVisualStudioVersion = 10.0.40219.1
Project("{FAE04EC0-301F-11D3-BF4B-00C04F79EFBC}") = "practical 6", "practical 6\practical 6.csproj", "{557C116F-FA57-445D-83D1-7C3C2A388DBE}"
EndProject
Global
	GlobalSection(SolutionConfigurationPlatforms) = preSolution
		Debug|Any CPU = Debug|Any CPU
		Release|Any CPU = Release|Any CPU
	EndGlobalSection
	GlobalSection(ProjectConfigurationPlatforms) = postSolution
		{557C116F-FA57-445D-83D1-7C3C2A388DBE}.Debug|Any CPU.ActiveCfg = Debug|Any CPU
		{557C116F-FA57-445D-83D1-7C3C2A388DBE}.Debug|Any CPU.Build.0 = Debug|Any CPU
		{557C116F-FA57-445D-83D1-7C3C2A388DBE}.Release|Any CPU.ActiveCfg = Release|Any CPU
		{557C116F-FA57-445D-83D1-7C3C2A388DBE}.Release|Any CPU.Build.0 = Release|Any CPU
	EndGlobalSection
	GlobalSection(SolutionProperties) = preSolution
		HideSolutionNode = FALSE
	EndGlobalSection
	GlobalSection(ExtensibilityGlobals) = postSolution
		SolutionGuid = {D6A74A26-C032-429B-B766-AD938D49383A}
	EndGlobalSection
EndGlobal
