
Microsoft Visual Studio Solution File, Format Version 12.00
# Visual Studio Version 17
VisualStudioVersion = 17.11.35222.181
MinimumVisualStudioVersion = 10.0.40219.1
Project("{FAE04EC0-301F-11D3-BF4B-00C04F79EFBC}") = "practical1_task1", "practical1_task1\practical1_task1.csproj", "{5228AF93-25DB-4273-B7F1-DE1034727CCA}"
EndProject
Global
	GlobalSection(SolutionConfigurationPlatforms) = preSolution
		Debug|Any CPU = Debug|Any CPU
		Release|Any CPU = Release|Any CPU
	EndGlobalSection
	GlobalSection(ProjectConfigurationPlatforms) = postSolution
		{5228AF93-25DB-4273-B7F1-DE1034727CCA}.Debug|Any CPU.ActiveCfg = Debug|Any CPU
		{5228AF93-25DB-4273-B7F1-DE1034727CCA}.Debug|Any CPU.Build.0 = Debug|Any CPU
		{5228AF93-25DB-4273-B7F1-DE1034727CCA}.Release|Any CPU.ActiveCfg = Release|Any CPU
		{5228AF93-25DB-4273-B7F1-DE1034727CCA}.Release|Any CPU.Build.0 = Release|Any CPU
	EndGlobalSection
	GlobalSection(SolutionProperties) = preSolution
		HideSolutionNode = FALSE
	EndGlobalSection
	GlobalSection(ExtensibilityGlobals) = postSolution
		SolutionGuid = {AFD48016-0E35-48FC-AD43-F72B96760D49}
	EndGlobalSection
EndGlobal
