
Microsoft Visual Studio Solution File, Format Version 12.00
# Visual Studio Version 17
VisualStudioVersion = 17.11.35222.181
MinimumVisualStudioVersion = 10.0.40219.1
Project("{FAE04EC0-301F-11D3-BF4B-00C04F79EFBC}") = "practical 7", "practical 7\practical 7.csproj", "{ACCF20AE-A0EC-4B7E-8EA0-C359A928C3B1}"
EndProject
Global
	GlobalSection(SolutionConfigurationPlatforms) = preSolution
		Debug|Any CPU = Debug|Any CPU
		Release|Any CPU = Release|Any CPU
	EndGlobalSection
	GlobalSection(ProjectConfigurationPlatforms) = postSolution
		{ACCF20AE-A0EC-4B7E-8EA0-C359A928C3B1}.Debug|Any CPU.ActiveCfg = Debug|Any CPU
		{ACCF20AE-A0EC-4B7E-8EA0-C359A928C3B1}.Debug|Any CPU.Build.0 = Debug|Any CPU
		{ACCF20AE-A0EC-4B7E-8EA0-C359A928C3B1}.Release|Any CPU.ActiveCfg = Release|Any CPU
		{ACCF20AE-A0EC-4B7E-8EA0-C359A928C3B1}.Release|Any CPU.Build.0 = Release|Any CPU
	EndGlobalSection
	GlobalSection(SolutionProperties) = preSolution
		HideSolutionNode = FALSE
	EndGlobalSection
	GlobalSection(ExtensibilityGlobals) = postSolution
		SolutionGuid = {FFF7E0BC-6AB0-4964-97FB-E5796AF80FDC}
	EndGlobalSection
EndGlobal
